
Microsoft Visual Studio Solution File, Format Version 12.00
# Visual Studio 2013
VisualStudioVersion = 12.0.21005.1
MinimumVisualStudioVersion = 10.0.40219.1
Project("{FAE04EC0-301F-11D3-BF4B-00C04F79EFBC}") = "API", "Phase2_Group2_selucmps383_sp15_p2_g2\API.csproj", "{8E2BA98C-E995-480B-A170-307B86232382}"
EndProject
Project("{FAE04EC0-301F-11D3-BF4B-00C04F79EFBC}") = "Client", "WebApplication1\Client.csproj", "{E1AAB90C-44E2-47F1-8C89-7B69A978F828}"
EndProject
Global
	GlobalSection(SolutionConfigurationPlatforms) = preSolution
		Debug|Any CPU = Debug|Any CPU
		Release|Any CPU = Release|Any CPU
	EndGlobalSection
	GlobalSection(ProjectConfigurationPlatforms) = postSolution
		{8E2BA98C-E995-480B-A170-307B86232382}.Debug|Any CPU.ActiveCfg = Debug|Any CPU
		{8E2BA98C-E995-480B-A170-307B86232382}.Debug|Any CPU.Build.0 = Debug|Any CPU
		{8E2BA98C-E995-480B-A170-307B86232382}.Release|Any CPU.ActiveCfg = Release|Any CPU
		{8E2BA98C-E995-480B-A170-307B86232382}.Release|Any CPU.Build.0 = Release|Any CPU
		{E1AAB90C-44E2-47F1-8C89-7B69A978F828}.Debug|Any CPU.ActiveCfg = Debug|Any CPU
		{E1AAB90C-44E2-47F1-8C89-7B69A978F828}.Debug|Any CPU.Build.0 = Debug|Any CPU
		{E1AAB90C-44E2-47F1-8C89-7B69A978F828}.Release|Any CPU.ActiveCfg = Release|Any CPU
		{E1AAB90C-44E2-47F1-8C89-7B69A978F828}.Release|Any CPU.Build.0 = Release|Any CPU
	EndGlobalSection
	GlobalSection(SolutionProperties) = preSolution
		HideSolutionNode = FALSE
	EndGlobalSection
EndGlobal
